
Microsoft Visual Studio Solution File, Format Version 12.00
# Visual Studio Version 16
VisualStudioVersion = 16.0.32413.511
MinimumVisualStudioVersion = 10.0.40219.1
Project("{9A19103F-16F7-4668-BE54-9A1E7A4F7556}") = "AutomobileLibrary", "AutomobileLibrary\AutomobileLibrary.csproj", "{FA4AAE77-B225-4684-8EBF-1D6E03FF5A32}"
EndProject
Project("{FAE04EC0-301F-11D3-BF4B-00C04F79EFBC}") = "AutomobileWinApp", "AutomobileWinApp\AutomobileWinApp.csproj", "{C71C8C08-95BA-4814-9CD0-49FEC404326E}"
EndProject
Global
	GlobalSection(SolutionConfigurationPlatforms) = preSolution
		Debug|Any CPU = Debug|Any CPU
		Release|Any CPU = Release|Any CPU
	EndGlobalSection
	GlobalSection(ProjectConfigurationPlatforms) = postSolution
		{FA4AAE77-B225-4684-8EBF-1D6E03FF5A32}.Debug|Any CPU.ActiveCfg = Debug|Any CPU
		{FA4AAE77-B225-4684-8EBF-1D6E03FF5A32}.Debug|Any CPU.Build.0 = Debug|Any CPU
		{FA4AAE77-B225-4684-8EBF-1D6E03FF5A32}.Release|Any CPU.ActiveCfg = Release|Any CPU
		{FA4AAE77-B225-4684-8EBF-1D6E03FF5A32}.Release|Any CPU.Build.0 = Release|Any CPU
		{C71C8C08-95BA-4814-9CD0-49FEC404326E}.Debug|Any CPU.ActiveCfg = Debug|Any CPU
		{C71C8C08-95BA-4814-9CD0-49FEC404326E}.Debug|Any CPU.Build.0 = Debug|Any CPU
		{C71C8C08-95BA-4814-9CD0-49FEC404326E}.Release|Any CPU.ActiveCfg = Release|Any CPU
		{C71C8C08-95BA-4814-9CD0-49FEC404326E}.Release|Any CPU.Build.0 = Release|Any CPU
	EndGlobalSection
	GlobalSection(SolutionProperties) = preSolution
		HideSolutionNode = FALSE
	EndGlobalSection
	GlobalSection(ExtensibilityGlobals) = postSolution
		SolutionGuid = {E4C0433A-DF22-4828-AD02-AE2028CFE8E0}
	EndGlobalSection
EndGlobal
